
Microsoft Visual Studio Solution File, Format Version 12.00
Project("{FAE04EC0-301F-11D3-BF4B-00C04F79EFBC}") = "RestaurantReservation", "RestaurantReservation\RestaurantReservation.csproj", "{3AF1F5C7-FB1A-43A3-90BA-1D2CBA547DD4}"
EndProject
Project("{FAE04EC0-301F-11D3-BF4B-00C04F79EFBC}") = "RestaurantReservation.Db", "RestaurantReservation.Db\RestaurantReservation.Db.csproj", "{461909BE-2730-403A-A70B-5BF00AA190C5}"
EndProject
Global
	GlobalSection(SolutionConfigurationPlatforms) = preSolution
		Debug|Any CPU = Debug|Any CPU
		Release|Any CPU = Release|Any CPU
	EndGlobalSection
	GlobalSection(ProjectConfigurationPlatforms) = postSolution
		{3AF1F5C7-FB1A-43A3-90BA-1D2CBA547DD4}.Debug|Any CPU.ActiveCfg = Debug|Any CPU
		{3AF1F5C7-FB1A-43A3-90BA-1D2CBA547DD4}.Debug|Any CPU.Build.0 = Debug|Any CPU
		{3AF1F5C7-FB1A-43A3-90BA-1D2CBA547DD4}.Release|Any CPU.ActiveCfg = Release|Any CPU
		{3AF1F5C7-FB1A-43A3-90BA-1D2CBA547DD4}.Release|Any CPU.Build.0 = Release|Any CPU
		{461909BE-2730-403A-A70B-5BF00AA190C5}.Debug|Any CPU.ActiveCfg = Debug|Any CPU
		{461909BE-2730-403A-A70B-5BF00AA190C5}.Debug|Any CPU.Build.0 = Debug|Any CPU
		{461909BE-2730-403A-A70B-5BF00AA190C5}.Release|Any CPU.ActiveCfg = Release|Any CPU
		{461909BE-2730-403A-A70B-5BF00AA190C5}.Release|Any CPU.Build.0 = Release|Any CPU
	EndGlobalSection
EndGlobal
